
Microsoft Visual Studio Solution File, Format Version 12.00
# Visual Studio Version 16
VisualStudioVersion = 16.0.31112.23
MinimumVisualStudioVersion = 10.0.40219.1
Project("{FAE04EC0-301F-11D3-BF4B-00C04F79EFBC}") = "Module3FirstApp", "Module3FirstApp\Module3FirstApp.csproj", "{5E577EE8-FD1B-4575-AD01-A4D9B8172F3C}"
EndProject
Global
	GlobalSection(SolutionConfigurationPlatforms) = preSolution
		Debug|Any CPU = Debug|Any CPU
		Release|Any CPU = Release|Any CPU
	EndGlobalSection
	GlobalSection(ProjectConfigurationPlatforms) = postSolution
		{5E577EE8-FD1B-4575-AD01-A4D9B8172F3C}.Debug|Any CPU.ActiveCfg = Debug|Any CPU
		{5E577EE8-FD1B-4575-AD01-A4D9B8172F3C}.Debug|Any CPU.Build.0 = Debug|Any CPU
		{5E577EE8-FD1B-4575-AD01-A4D9B8172F3C}.Release|Any CPU.ActiveCfg = Release|Any CPU
		{5E577EE8-FD1B-4575-AD01-A4D9B8172F3C}.Release|Any CPU.Build.0 = Release|Any CPU
	EndGlobalSection
	GlobalSection(SolutionProperties) = preSolution
		HideSolutionNode = FALSE
	EndGlobalSection
	GlobalSection(ExtensibilityGlobals) = postSolution
		SolutionGuid = {19BE83B8-2FB4-4DF4-B77C-7C6DA7CD89BE}
	EndGlobalSection
EndGlobal
